
Microsoft Visual Studio Solution File, Format Version 12.00
# Visual Studio Version 17
VisualStudioVersion = 17.8.34330.188
MinimumVisualStudioVersion = 10.0.40219.1
Project("{FAE04EC0-301F-11D3-BF4B-00C04F79EFBC}") = "Rugal.DatabaseWorker.Mongo", "Rugal.DatabaseWorker.Mongo\Rugal.DatabaseWorker.Mongo.csproj", "{0EE4E830-2C45-4063-8189-EE3434BCBFB2}"
EndProject
Project("{FAE04EC0-301F-11D3-BF4B-00C04F79EFBC}") = "Rugal.DatabaseWorker.Core", "Rugal.DatabaseWorker.Core\Rugal.DatabaseWorker.Core.csproj", "{D6B2312B-B01D-40AA-BF5B-9FA10C44AE55}"
EndProject
Global
	GlobalSection(SolutionConfigurationPlatforms) = preSolution
		Debug|Any CPU = Debug|Any CPU
		Release|Any CPU = Release|Any CPU
	EndGlobalSection
	GlobalSection(ProjectConfigurationPlatforms) = postSolution
		{0EE4E830-2C45-4063-8189-EE3434BCBFB2}.Debug|Any CPU.ActiveCfg = Debug|Any CPU
		{0EE4E830-2C45-4063-8189-EE3434BCBFB2}.Debug|Any CPU.Build.0 = Debug|Any CPU
		{0EE4E830-2C45-4063-8189-EE3434BCBFB2}.Release|Any CPU.ActiveCfg = Release|Any CPU
		{0EE4E830-2C45-4063-8189-EE3434BCBFB2}.Release|Any CPU.Build.0 = Release|Any CPU
		{D6B2312B-B01D-40AA-BF5B-9FA10C44AE55}.Debug|Any CPU.ActiveCfg = Debug|Any CPU
		{D6B2312B-B01D-40AA-BF5B-9FA10C44AE55}.Debug|Any CPU.Build.0 = Debug|Any CPU
		{D6B2312B-B01D-40AA-BF5B-9FA10C44AE55}.Release|Any CPU.ActiveCfg = Release|Any CPU
		{D6B2312B-B01D-40AA-BF5B-9FA10C44AE55}.Release|Any CPU.Build.0 = Release|Any CPU
	EndGlobalSection
	GlobalSection(SolutionProperties) = preSolution
		HideSolutionNode = FALSE
	EndGlobalSection
	GlobalSection(ExtensibilityGlobals) = postSolution
		SolutionGuid = {32CBCC85-69D9-4405-B16D-07A09B3D205E}
	EndGlobalSection
EndGlobal
